
Microsoft Visual Studio Solution File, Format Version 12.00
# Visual Studio Version 16
VisualStudioVersion = 16.0.31911.196
MinimumVisualStudioVersion = 10.0.40219.1
Project("{9A19103F-16F7-4668-BE54-9A1E7A4F7556}") = "FMPModelSwap", "FMPModelSwap.csproj", "{A86E9FA9-F73D-48EB-8766-D1D7387A460E}"
EndProject
Project("{2150E333-8FDC-42A3-9474-1A3956D46DE8}") = "Solution Items", "Solution Items", "{940F8673-90B5-42A7-9511-7F03F5ADF78E}"
	ProjectSection(SolutionItems) = preProject
		nuget.config = nuget.config
	EndProjectSection
EndProject
Global
	GlobalSection(SolutionConfigurationPlatforms) = preSolution
		Debug|Any CPU = Debug|Any CPU
		Release|Any CPU = Release|Any CPU
	EndGlobalSection
	GlobalSection(ProjectConfigurationPlatforms) = postSolution
		{A86E9FA9-F73D-48EB-8766-D1D7387A460E}.Debug|Any CPU.ActiveCfg = Debug|Any CPU
		{A86E9FA9-F73D-48EB-8766-D1D7387A460E}.Debug|Any CPU.Build.0 = Debug|Any CPU
		{A86E9FA9-F73D-48EB-8766-D1D7387A460E}.Release|Any CPU.ActiveCfg = Release|Any CPU
		{A86E9FA9-F73D-48EB-8766-D1D7387A460E}.Release|Any CPU.Build.0 = Release|Any CPU
	EndGlobalSection
	GlobalSection(SolutionProperties) = preSolution
		HideSolutionNode = FALSE
	EndGlobalSection
	GlobalSection(ExtensibilityGlobals) = postSolution
		SolutionGuid = {647920EB-59D5-4D6C-A10A-B3048B51AFFF}
	EndGlobalSection
EndGlobal
